// !$*UTF8*$!
{
	archiveVersion = 1;
	classes = {
	};
	objectVersion = 55;
	objects = {

/* Begin PBXBuildFile section */
		05D9EEE1286DCB7300733C30 /* AppDelegate.swift in Sources */ = {isa = PBXBuildFile; fileRef = 05D9EEE0286DCB7300733C30 /* AppDelegate.swift */; };
		05D9EEE3286DCB7300733C30 /* SceneDelegate.swift in Sources */ = {isa = PBXBuildFile; fileRef = 05D9EEE2286DCB7300733C30 /* SceneDelegate.swift */; };
		05D9EEEA286DCB7600733C30 /* Assets.xcassets in Resources */ = {isa = PBXBuildFile; fileRef = 05D9EEE9286DCB7600733C30 /* Assets.xcassets */; };
		05D9EEED286DCB7600733C30 /* LaunchScreen.storyboard in Resources */ = {isa = PBXBuildFile; fileRef = 05D9EEEB286DCB7600733C30 /* LaunchScreen.storyboard */; };
		05D9EEF7286DD3CD00733C30 /* MainTabBarController.swift in Sources */ = {isa = PBXBuildFile; fileRef = 05D9EEF6286DD3CD00733C30 /* MainTabBarController.swift */; };
		05D9EEFA286DD4D100733C30 /* RandomPhotosViewController.swift in Sources */ = {isa = PBXBuildFile; fileRef = 05D9EEF9286DD4D100733C30 /* RandomPhotosViewController.swift */; };
		05D9EEFD286DE04F00733C30 /* RandomPhotoCell.swift in Sources */ = {isa = PBXBuildFile; fileRef = 05D9EEFC286DE04F00733C30 /* RandomPhotoCell.swift */; };
		05D9EF01286DEA2300733C30 /* PhotoInfoViewController.swift in Sources */ = {isa = PBXBuildFile; fileRef = 05D9EF00286DEA2300733C30 /* PhotoInfoViewController.swift */; };
		05D9EF03286DFADC00733C30 /* FavouritesViewController.swift in Sources */ = {isa = PBXBuildFile; fileRef = 05D9EF02286DFADC00733C30 /* FavouritesViewController.swift */; };
		18F07C63E2D365AE879C9220 /* libPods-Unsplash_gallery.a in Frameworks */ = {isa = PBXBuildFile; fileRef = AE3E2DC1FF28E8BECD6C8441 /* libPods-Unsplash_gallery.a */; };
/* End PBXBuildFile section */

/* Begin PBXFileReference section */
		05D9EEDD286DCB7300733C30 /* Unsplash_gallery.app */ = {isa = PBXFileReference; explicitFileType = wrapper.application; includeInIndex = 0; path = Unsplash_gallery.app; sourceTree = BUILT_PRODUCTS_DIR; };
		05D9EEE0286DCB7300733C30 /* AppDelegate.swift */ = {isa = PBXFileReference; lastKnownFileType = sourcecode.swift; path = AppDelegate.swift; sourceTree = "<group>"; };
		05D9EEE2286DCB7300733C30 /* SceneDelegate.swift */ = {isa = PBXFileReference; lastKnownFileType = sourcecode.swift; path = SceneDelegate.swift; sourceTree = "<group>"; };
		05D9EEE9286DCB7600733C30 /* Assets.xcassets */ = {isa = PBXFileReference; lastKnownFileType = folder.assetcatalog; path = Assets.xcassets; sourceTree = "<group>"; };
		05D9EEEC286DCB7600733C30 /* Base */ = {isa = PBXFileReference; lastKnownFileType = file.storyboard; name = Base; path = Base.lproj/LaunchScreen.storyboard; sourceTree = "<group>"; };
		05D9EEEE286DCB7600733C30 /* Info.plist */ = {isa = PBXFileReference; lastKnownFileType = text.plist.xml; path = Info.plist; sourceTree = "<group>"; };
		05D9EEF6286DD3CD00733C30 /* MainTabBarController.swift */ = {isa = PBXFileReference; lastKnownFileType = sourcecode.swift; path = MainTabBarController.swift; sourceTree = "<group>"; };
		05D9EEF9286DD4D100733C30 /* RandomPhotosViewController.swift */ = {isa = PBXFileReference; lastKnownFileType = sourcecode.swift; path = RandomPhotosViewController.swift; sourceTree = "<group>"; };
		05D9EEFC286DE04F00733C30 /* RandomPhotoCell.swift */ = {isa = PBXFileReference; lastKnownFileType = sourcecode.swift; path = RandomPhotoCell.swift; sourceTree = "<group>"; };
		05D9EF00286DEA2300733C30 /* PhotoInfoViewController.swift */ = {isa = PBXFileReference; lastKnownFileType = sourcecode.swift; path = PhotoInfoViewController.swift; sourceTree = "<group>"; };
		05D9EF02286DFADC00733C30 /* FavouritesViewController.swift */ = {isa = PBXFileReference; lastKnownFileType = sourcecode.swift; path = FavouritesViewController.swift; sourceTree = "<group>"; };
		490CCB2F2C59DE1A868823AC /* Pods-Unsplash_gallery.release.xcconfig */ = {isa = PBXFileReference; includeInIndex = 1; lastKnownFileType = text.xcconfig; name = "Pods-Unsplash_gallery.release.xcconfig"; path = "Target Support Files/Pods-Unsplash_gallery/Pods-Unsplash_gallery.release.xcconfig"; sourceTree = "<group>"; };
		AE3E2DC1FF28E8BECD6C8441 /* libPods-Unsplash_gallery.a */ = {isa = PBXFileReference; explicitFileType = archive.ar; includeInIndex = 0; path = "libPods-Unsplash_gallery.a"; sourceTree = BUILT_PRODUCTS_DIR; };
		D7040DF1DE7DE0354174380B /* Pods-Unsplash_gallery.debug.xcconfig */ = {isa = PBXFileReference; includeInIndex = 1; lastKnownFileType = text.xcconfig; name = "Pods-Unsplash_gallery.debug.xcconfig"; path = "Target Support Files/Pods-Unsplash_gallery/Pods-Unsplash_gallery.debug.xcconfig"; sourceTree = "<group>"; };
/* End PBXFileReference section */

/* Begin PBXFrameworksBuildPhase section */
		05D9EEDA286DCB7300733C30 /* Frameworks */ = {
			isa = PBXFrameworksBuildPhase;
			buildActionMask = 2147483647;
			files = (
				18F07C63E2D365AE879C9220 /* libPods-Unsplash_gallery.a in Frameworks */,
			);
			runOnlyForDeploymentPostprocessing = 0;
		};
/* End PBXFrameworksBuildPhase section */

/* Begin PBXGroup section */
		05D9EED4286DCB7200733C30 = {
			isa = PBXGroup;
			children = (
				05D9EEDF286DCB7300733C30 /* Unsplash_gallery */,
				05D9EEDE286DCB7300733C30 /* Products */,
				8DF5155EF2DDAE053655DA12 /* Pods */,
				0713720DAAAE7A60B859D424 /* Frameworks */,
			);
			sourceTree = "<group>";
		};
		05D9EEDE286DCB7300733C30 /* Products */ = {
			isa = PBXGroup;
			children = (
				05D9EEDD286DCB7300733C30 /* Unsplash_gallery.app */,
			);
			name = Products;
			sourceTree = "<group>";
		};
		05D9EEDF286DCB7300733C30 /* Unsplash_gallery */ = {
			isa = PBXGroup;
			children = (
				05D9EEF8286DD48000733C30 /* Controllers */,
				05D9EEF4286DCC0300733C30 /* Delegate */,
				05D9EEF5286DD00500733C30 /* Resources */,
				05D9EEEE286DCB7600733C30 /* Info.plist */,
			);
			path = Unsplash_gallery;
			sourceTree = "<group>";
		};
		05D9EEF4286DCC0300733C30 /* Delegate */ = {
			isa = PBXGroup;
			children = (
				05D9EEE0286DCB7300733C30 /* AppDelegate.swift */,
				05D9EEE2286DCB7300733C30 /* SceneDelegate.swift */,
			);
			path = Delegate;
			sourceTree = "<group>";
		};
		05D9EEF5286DD00500733C30 /* Resources */ = {
			isa = PBXGroup;
			children = (
				05D9EEE9286DCB7600733C30 /* Assets.xcassets */,
				05D9EEEB286DCB7600733C30 /* LaunchScreen.storyboard */,
			);
			path = Resources;
			sourceTree = "<group>";
		};
		05D9EEF8286DD48000733C30 /* Controllers */ = {
			isa = PBXGroup;
			children = (
				05D9EEFF286DEA0E00733C30 /* Favourites */,
				05D9EEFE286DE9F700733C30 /* PhotoInfo */,
				05D9EEFB286DE02E00733C30 /* RandomPhotos */,
				05D9EEF6286DD3CD00733C30 /* MainTabBarController.swift */,
			);
			path = Controllers;
			sourceTree = "<group>";
		};
		05D9EEFB286DE02E00733C30 /* RandomPhotos */ = {
			isa = PBXGroup;
			children = (
				05D9EEF9286DD4D100733C30 /* RandomPhotosViewController.swift */,
				05D9EEFC286DE04F00733C30 /* RandomPhotoCell.swift */,
			);
			path = RandomPhotos;
			sourceTree = "<group>";
		};
		05D9EEFE286DE9F700733C30 /* PhotoInfo */ = {
			isa = PBXGroup;
			children = (
				05D9EF00286DEA2300733C30 /* PhotoInfoViewController.swift */,
			);
			path = PhotoInfo;
			sourceTree = "<group>";
		};
		05D9EEFF286DEA0E00733C30 /* Favourites */ = {
			isa = PBXGroup;
			children = (
				05D9EF02286DFADC00733C30 /* FavouritesViewController.swift */,
			);
			path = Favourites;
			sourceTree = "<group>";
		};
		0713720DAAAE7A60B859D424 /* Frameworks */ = {
			isa = PBXGroup;
			children = (
				AE3E2DC1FF28E8BECD6C8441 /* libPods-Unsplash_gallery.a */,
			);
			name = Frameworks;
			sourceTree = "<group>";
		};
		8DF5155EF2DDAE053655DA12 /* Pods */ = {
			isa = PBXGroup;
			children = (
				D7040DF1DE7DE0354174380B /* Pods-Unsplash_gallery.debug.xcconfig */,
				490CCB2F2C59DE1A868823AC /* Pods-Unsplash_gallery.release.xcconfig */,
			);
			path = Pods;
			sourceTree = "<group>";
		};
/* End PBXGroup section */

/* Begin PBXNativeTarget section */
		05D9EEDC286DCB7300733C30 /* Unsplash_gallery */ = {
			isa = PBXNativeTarget;
			buildConfigurationList = 05D9EEF1286DCB7600733C30 /* Build configuration list for PBXNativeTarget "Unsplash_gallery" */;
			buildPhases = (
				5BCCF027EF1C3A68C9A81A6D /* [CP] Check Pods Manifest.lock */,
				05D9EED9286DCB7300733C30 /* Sources */,
				05D9EEDA286DCB7300733C30 /* Frameworks */,
				05D9EEDB286DCB7300733C30 /* Resources */,
			);
			buildRules = (
			);
			dependencies = (
			);
			name = Unsplash_gallery;
			productName = Unsplash_gallery;
			productReference = 05D9EEDD286DCB7300733C30 /* Unsplash_gallery.app */;
			productType = "com.apple.product-type.application";
		};
/* End PBXNativeTarget section */

/* Begin PBXProject section */
		05D9EED5286DCB7300733C30 /* Project object */ = {
			isa = PBXProject;
			attributes = {
				BuildIndependentTargetsInParallel = 1;
				LastSwiftUpdateCheck = 1320;
				LastUpgradeCheck = 1320;
				TargetAttributes = {
					05D9EEDC286DCB7300733C30 = {
						CreatedOnToolsVersion = 13.2.1;
					};
				};
			};
			buildConfigurationList = 05D9EED8286DCB7300733C30 /* Build configuration list for PBXProject "Unsplash_gallery" */;
			compatibilityVersion = "Xcode 13.0";
			developmentRegion = en;
			hasScannedForEncodings = 0;
			knownRegions = (
				en,
				Base,
			);
			mainGroup = 05D9EED4286DCB7200733C30;
			productRefGroup = 05D9EEDE286DCB7300733C30 /* Products */;
			projectDirPath = "";
			projectRoot = "";
			targets = (
				05D9EEDC286DCB7300733C30 /* Unsplash_gallery */,
			);
		};
/* End PBXProject section */

/* Begin PBXResourcesBuildPhase section */
		05D9EEDB286DCB7300733C30 /* Resources */ = {
			isa = PBXResourcesBuildPhase;
			buildActionMask = 2147483647;
			files = (
				05D9EEED286DCB7600733C30 /* LaunchScreen.storyboard in Resources */,
				05D9EEEA286DCB7600733C30 /* Assets.xcassets in Resources */,
			);
			runOnlyForDeploymentPostprocessing = 0;
		};
/* End PBXResourcesBuildPhase section */

/* Begin PBXShellScriptBuildPhase section */
		5BCCF027EF1C3A68C9A81A6D /* [CP] Check Pods Manifest.lock */ = {
			isa = PBXShellScriptBuildPhase;
			buildActionMask = 2147483647;
			files = (
			);
			inputFileListPaths = (
			);
			inputPaths = (
				"${PODS_PODFILE_DIR_PATH}/Podfile.lock",
				"${PODS_ROOT}/Manifest.lock",
			);
			name = "[CP] Check Pods Manifest.lock";
			outputFileListPaths = (
			);
			outputPaths = (
				"$(DERIVED_FILE_DIR)/Pods-Unsplash_gallery-checkManifestLockResult.txt",
			);
			runOnlyForDeploymentPostprocessing = 0;
			shellPath = /bin/sh;
			shellScript = "diff \"${PODS_PODFILE_DIR_PATH}/Podfile.lock\" \"${PODS_ROOT}/Manifest.lock\" > /dev/null\nif [ $? != 0 ] ; then\n    # print error to STDERR\n    echo \"error: The sandbox is not in sync with the Podfile.lock. Run 'pod install' or update your CocoaPods installation.\" >&2\n    exit 1\nfi\n# This output is used by Xcode 'outputs' to avoid re-running this script phase.\necho \"SUCCESS\" > \"${SCRIPT_OUTPUT_FILE_0}\"\n";
			showEnvVarsInLog = 0;
		};
/* End PBXShellScriptBuildPhase section */

/* Begin PBXSourcesBuildPhase section */
		05D9EED9286DCB7300733C30 /* Sources */ = {
			isa = PBXSourcesBuildPhase;
			buildActionMask = 2147483647;
			files = (
				05D9EEFA286DD4D100733C30 /* RandomPhotosViewController.swift in Sources */,
				05D9EEE1286DCB7300733C30 /* AppDelegate.swift in Sources */,
				05D9EEFD286DE04F00733C30 /* RandomPhotoCell.swift in Sources */,
				05D9EEE3286DCB7300733C30 /* SceneDelegate.swift in Sources */,
				05D9EEF7286DD3CD00733C30 /* MainTabBarController.swift in Sources */,
				05D9EF03286DFADC00733C30 /* FavouritesViewController.swift in Sources */,
				05D9EF01286DEA2300733C30 /* PhotoInfoViewController.swift in Sources */,
			);
			runOnlyForDeploymentPostprocessing = 0;
		};
/* End PBXSourcesBuildPhase section */

/* Begin PBXVariantGroup section */
		05D9EEEB286DCB7600733C30 /* LaunchScreen.storyboard */ = {
			isa = PBXVariantGroup;
			children = (
				05D9EEEC286DCB7600733C30 /* Base */,
			);
			name = LaunchScreen.storyboard;
			sourceTree = "<group>";
		};
/* End PBXVariantGroup section */

/* Begin XCBuildConfiguration section */
		05D9EEEF286DCB7600733C30 /* Debug */ = {
			isa = XCBuildConfiguration;
			buildSettings = {
				ALWAYS_SEARCH_USER_PATHS = NO;
				CLANG_ANALYZER_NONNULL = YES;
				CLANG_ANALYZER_NUMBER_OBJECT_CONVERSION = YES_AGGRESSIVE;
				CLANG_CXX_LANGUAGE_STANDARD = "gnu++17";
				CLANG_CXX_LIBRARY = "libc++";
				CLANG_ENABLE_MODULES = YES;
				CLANG_ENABLE_OBJC_ARC = YES;
				CLANG_ENABLE_OBJC_WEAK = YES;
				CLANG_WARN_BLOCK_CAPTURE_AUTORELEASING = YES;
				CLANG_WARN_BOOL_CONVERSION = YES;
				CLANG_WARN_COMMA = YES;
				CLANG_WARN_CONSTANT_CONVERSION = YES;
				CLANG_WARN_DEPRECATED_OBJC_IMPLEMENTATIONS = YES;
				CLANG_WARN_DIRECT_OBJC_ISA_USAGE = YES_ERROR;
				CLANG_WARN_DOCUMENTATION_COMMENTS = YES;
				CLANG_WARN_EMPTY_BODY = YES;
				CLANG_WARN_ENUM_CONVERSION = YES;
				CLANG_WARN_INFINITE_RECURSION = YES;
				CLANG_WARN_INT_CONVERSION = YES;
				CLANG_WARN_NON_LITERAL_NULL_CONVERSION = YES;
				CLANG_WARN_OBJC_IMPLICIT_RETAIN_SELF = YES;
				CLANG_WARN_OBJC_LITERAL_CONVERSION = YES;
				CLANG_WARN_OBJC_ROOT_CLASS = YES_ERROR;
				CLANG_WARN_QUOTED_INCLUDE_IN_FRAMEWORK_HEADER = YES;
				CLANG_WARN_RANGE_LOOP_ANALYSIS = YES;
				CLANG_WARN_STRICT_PROTOTYPES = YES;
				CLANG_WARN_SUSPICIOUS_MOVE = YES;
				CLANG_WARN_UNGUARDED_AVAILABILITY = YES_AGGRESSIVE;
				CLANG_WARN_UNREACHABLE_CODE = YES;
				CLANG_WARN__DUPLICATE_METHOD_MATCH = YES;
				COPY_PHASE_STRIP = NO;
				DEBUG_INFORMATION_FORMAT = dwarf;
				ENABLE_STRICT_OBJC_MSGSEND = YES;
				ENABLE_TESTABILITY = YES;
				GCC_C_LANGUAGE_STANDARD = gnu11;
				GCC_DYNAMIC_NO_PIC = NO;
				GCC_NO_COMMON_BLOCKS = YES;
				GCC_OPTIMIZATION_LEVEL = 0;
				GCC_PREPROCESSOR_DEFINITIONS = (
					"DEBUG=1",
					"$(inherited)",
				);
				GCC_WARN_64_TO_32_BIT_CONVERSION = YES;
				GCC_WARN_ABOUT_RETURN_TYPE = YES_ERROR;
				GCC_WARN_UNDECLARED_SELECTOR = YES;
				GCC_WARN_UNINITIALIZED_AUTOS = YES_AGGRESSIVE;
				GCC_WARN_UNUSED_FUNCTION = YES;
				GCC_WARN_UNUSED_VARIABLE = YES;
				IPHONEOS_DEPLOYMENT_TARGET = 15.2;
				MTL_ENABLE_DEBUG_INFO = INCLUDE_SOURCE;
				MTL_FAST_MATH = YES;
				ONLY_ACTIVE_ARCH = YES;
				SDKROOT = iphoneos;
				SWIFT_ACTIVE_COMPILATION_CONDITIONS = DEBUG;
				SWIFT_OPTIMIZATION_LEVEL = "-Onone";
			};
			name = Debug;
		};
		05D9EEF0286DCB7600733C30 /* Release */ = {
			isa = XCBuildConfiguration;
			buildSettings = {
				ALWAYS_SEARCH_USER_PATHS = NO;
				CLANG_ANALYZER_NONNULL = YES;
				CLANG_ANALYZER_NUMBER_OBJECT_CONVERSION = YES_AGGRESSIVE;
				CLANG_CXX_LANGUAGE_STANDARD = "gnu++17";
				CLANG_CXX_LIBRARY = "libc++";
				CLANG_ENABLE_MODULES = YES;
				CLANG_ENABLE_OBJC_ARC = YES;
				CLANG_ENABLE_OBJC_WEAK = YES;
				CLANG_WARN_BLOCK_CAPTURE_AUTORELEASING = YES;
				CLANG_WARN_BOOL_CONVERSION = YES;
				CLANG_WARN_COMMA = YES;
				CLANG_WARN_CONSTANT_CONVERSION = YES;
				CLANG_WARN_DEPRECATED_OBJC_IMPLEMENTATIONS = YES;
				CLANG_WARN_DIRECT_OBJC_ISA_USAGE = YES_ERROR;
				CLANG_WARN_DOCUMENTATION_COMMENTS = YES;
				CLANG_WARN_EMPTY_BODY = YES;
				CLANG_WARN_ENUM_CONVERSION = YES;
				CLANG_WARN_INFINITE_RECURSION = YES;
				CLANG_WARN_INT_CONVERSION = YES;
				CLANG_WARN_NON_LITERAL_NULL_CONVERSION = YES;
				CLANG_WARN_OBJC_IMPLICIT_RETAIN_SELF = YES;
				CLANG_WARN_OBJC_LITERAL_CONVERSION = YES;
				CLANG_WARN_OBJC_ROOT_CLASS = YES_ERROR;
				CLANG_WARN_QUOTED_INCLUDE_IN_FRAMEWORK_HEADER = YES;
				CLANG_WARN_RANGE_LOOP_ANALYSIS = YES;
				CLANG_WARN_STRICT_PROTOTYPES = YES;
				CLANG_WARN_SUSPICIOUS_MOVE = YES;
				CLANG_WARN_UNGUARDED_AVAILABILITY = YES_AGGRESSIVE;
				CLANG_WARN_UNREACHABLE_CODE = YES;
				CLANG_WARN__DUPLICATE_METHOD_MATCH = YES;
				COPY_PHASE_STRIP = NO;
				DEBUG_INFORMATION_FORMAT = "dwarf-with-dsym";
				ENABLE_NS_ASSERTIONS = NO;
				ENABLE_STRICT_OBJC_MSGSEND = YES;
				GCC_C_LANGUAGE_STANDARD = gnu11;
				GCC_NO_COMMON_BLOCKS = YES;
				GCC_WARN_64_TO_32_BIT_CONVERSION = YES;
				GCC_WARN_ABOUT_RETURN_TYPE = YES_ERROR;
				GCC_WARN_UNDECLARED_SELECTOR = YES;
				GCC_WARN_UNINITIALIZED_AUTOS = YES_AGGRESSIVE;
				GCC_WARN_UNUSED_FUNCTION = YES;
				GCC_WARN_UNUSED_VARIABLE = YES;
				IPHONEOS_DEPLOYMENT_TARGET = 15.2;
				MTL_ENABLE_DEBUG_INFO = NO;
				MTL_FAST_MATH = YES;
				SDKROOT = iphoneos;
				SWIFT_COMPILATION_MODE = wholemodule;
				SWIFT_OPTIMIZATION_LEVEL = "-O";
				VALIDATE_PRODUCT = YES;
			};
			name = Release;
		};
		05D9EEF2286DCB7600733C30 /* Debug */ = {
			isa = XCBuildConfiguration;
			baseConfigurationReference = D7040DF1DE7DE0354174380B /* Pods-Unsplash_gallery.debug.xcconfig */;
			buildSettings = {
				ASSETCATALOG_COMPILER_APPICON_NAME = AppIcon;
				ASSETCATALOG_COMPILER_GLOBAL_ACCENT_COLOR_NAME = AccentColor;
				CODE_SIGN_STYLE = Automatic;
				CURRENT_PROJECT_VERSION = 1;
				DEVELOPMENT_TEAM = ASL4294V9V;
				GENERATE_INFOPLIST_FILE = YES;
				INFOPLIST_FILE = Unsplash_gallery/Info.plist;
				INFOPLIST_KEY_UIApplicationSupportsIndirectInputEvents = YES;
				INFOPLIST_KEY_UILaunchStoryboardName = LaunchScreen;
				INFOPLIST_KEY_UISupportedInterfaceOrientations_iPad = "UIInterfaceOrientationPortrait UIInterfaceOrientationPortraitUpsideDown UIInterfaceOrientationLandscapeLeft UIInterfaceOrientationLandscapeRight";
				INFOPLIST_KEY_UISupportedInterfaceOrientations_iPhone = "UIInterfaceOrientationPortrait UIInterfaceOrientationLandscapeLeft UIInterfaceOrientationLandscapeRight";
				LD_RUNPATH_SEARCH_PATHS = (
					"$(inherited)",
					"@executable_path/Frameworks",
				);
				MARKETING_VERSION = 1.0;
				PRODUCT_BUNDLE_IDENTIFIER = "NikitaRylskiy.Unsplash-gallery";
				PRODUCT_NAME = "$(TARGET_NAME)";
				SWIFT_EMIT_LOC_STRINGS = YES;
				SWIFT_VERSION = 5.0;
				TARGETED_DEVICE_FAMILY = "1,2";
			};
			name = Debug;
		};
		05D9EEF3286DCB7600733C30 /* Release */ = {
			isa = XCBuildConfiguration;
			baseConfigurationReference = 490CCB2F2C59DE1A868823AC /* Pods-Unsplash_gallery.release.xcconfig */;
			buildSettings = {
				ASSETCATALOG_COMPILER_APPICON_NAME = AppIcon;
				ASSETCATALOG_COMPILER_GLOBAL_ACCENT_COLOR_NAME = AccentColor;
				CODE_SIGN_STYLE = Automatic;
				CURRENT_PROJECT_VERSION = 1;
				DEVELOPMENT_TEAM = ASL4294V9V;
				GENERATE_INFOPLIST_FILE = YES;
				INFOPLIST_FILE = Unsplash_gallery/Info.plist;
				INFOPLIST_KEY_UIApplicationSupportsIndirectInputEvents = YES;
				INFOPLIST_KEY_UILaunchStoryboardName = LaunchScreen;
				INFOPLIST_KEY_UISupportedInterfaceOrientations_iPad = "UIInterfaceOrientationPortrait UIInterfaceOrientationPortraitUpsideDown UIInterfaceOrientationLandscapeLeft UIInterfaceOrientationLandscapeRight";
				INFOPLIST_KEY_UISupportedInterfaceOrientations_iPhone = "UIInterfaceOrientationPortrait UIInterfaceOrientationLandscapeLeft UIInterfaceOrientationLandscapeRight";
				LD_RUNPATH_SEARCH_PATHS = (
					"$(inherited)",
					"@executable_path/Frameworks",
				);
				MARKETING_VERSION = 1.0;
				PRODUCT_BUNDLE_IDENTIFIER = "NikitaRylskiy.Unsplash-gallery";
				PRODUCT_NAME = "$(TARGET_NAME)";
				SWIFT_EMIT_LOC_STRINGS = YES;
				SWIFT_VERSION = 5.0;
				TARGETED_DEVICE_FAMILY = "1,2";
			};
			name = Release;
		};
/* End XCBuildConfiguration section */

/* Begin XCConfigurationList section */
		05D9EED8286DCB7300733C30 /* Build configuration list for PBXProject "Unsplash_gallery" */ = {
			isa = XCConfigurationList;
			buildConfigurations = (
				05D9EEEF286DCB7600733C30 /* Debug */,
				05D9EEF0286DCB7600733C30 /* Release */,
			);
			defaultConfigurationIsVisible = 0;
			defaultConfigurationName = Release;
		};
		05D9EEF1286DCB7600733C30 /* Build configuration list for PBXNativeTarget "Unsplash_gallery" */ = {
			isa = XCConfigurationList;
			buildConfigurations = (
				05D9EEF2286DCB7600733C30 /* Debug */,
				05D9EEF3286DCB7600733C30 /* Release */,
			);
			defaultConfigurationIsVisible = 0;
			defaultConfigurationName = Release;
		};
/* End XCConfigurationList section */
	};
	rootObject = 05D9EED5286DCB7300733C30 /* Project object */;
}
